
Microsoft Visual Studio Solution File, Format Version 12.00
# Visual Studio 15
VisualStudioVersion = 15.0.33423.255
MinimumVisualStudioVersion = 10.0.40219.1
Project("{8BC9CEB8-8B4A-11D0-8D11-00A0C91BC942}") = "QtToolTest", "QtToolTest\QtToolTest.vcxproj", "{B3C9411D-A983-4D6C-82B4-D313A3B8D5C5}"
EndProject
Project("{8BC9CEB8-8B4A-11D0-8D11-00A0C91BC942}") = "data", "data\data.vcxproj", "{8F1FB4E3-C894-44B5-8510-3FE6B199D87C}"
EndProject
Project("{8BC9CEB8-8B4A-11D0-8D11-00A0C91BC942}") = "camera", "camera\camera.vcxproj", "{85972372-AB25-40D3-B8B5-76C0E03FE425}"
EndProject
Project("{8BC9CEB8-8B4A-11D0-8D11-00A0C91BC942}") = "window", "window\window.vcxproj", "{15AF518D-BF2E-4ABD-B653-01AE4ED9FCA5}"
EndProject
Global
	GlobalSection(SolutionConfigurationPlatforms) = preSolution
		Debug|x64 = Debug|x64
		Debug|x86 = Debug|x86
		Release|x64 = Release|x64
		Release|x86 = Release|x86
	EndGlobalSection
	GlobalSection(ProjectConfigurationPlatforms) = postSolution
		{B3C9411D-A983-4D6C-82B4-D313A3B8D5C5}.Debug|x64.ActiveCfg = Debug|x64
		{B3C9411D-A983-4D6C-82B4-D313A3B8D5C5}.Debug|x64.Build.0 = Debug|x64
		{B3C9411D-A983-4D6C-82B4-D313A3B8D5C5}.Debug|x86.ActiveCfg = Debug|x64
		{B3C9411D-A983-4D6C-82B4-D313A3B8D5C5}.Debug|x86.Build.0 = Debug|x64
		{B3C9411D-A983-4D6C-82B4-D313A3B8D5C5}.Release|x64.ActiveCfg = Release|x64
		{B3C9411D-A983-4D6C-82B4-D313A3B8D5C5}.Release|x64.Build.0 = Release|x64
		{B3C9411D-A983-4D6C-82B4-D313A3B8D5C5}.Release|x86.ActiveCfg = Release|x64
		{B3C9411D-A983-4D6C-82B4-D313A3B8D5C5}.Release|x86.Build.0 = Release|x64
		{8F1FB4E3-C894-44B5-8510-3FE6B199D87C}.Debug|x64.ActiveCfg = Debug|x64
		{8F1FB4E3-C894-44B5-8510-3FE6B199D87C}.Debug|x64.Build.0 = Debug|x64
		{8F1FB4E3-C894-44B5-8510-3FE6B199D87C}.Debug|x86.ActiveCfg = Debug|Win32
		{8F1FB4E3-C894-44B5-8510-3FE6B199D87C}.Debug|x86.Build.0 = Debug|Win32
		{8F1FB4E3-C894-44B5-8510-3FE6B199D87C}.Release|x64.ActiveCfg = Release|x64
		{8F1FB4E3-C894-44B5-8510-3FE6B199D87C}.Release|x64.Build.0 = Release|x64
		{8F1FB4E3-C894-44B5-8510-3FE6B199D87C}.Release|x86.ActiveCfg = Release|Win32
		{8F1FB4E3-C894-44B5-8510-3FE6B199D87C}.Release|x86.Build.0 = Release|Win32
		{85972372-AB25-40D3-B8B5-76C0E03FE425}.Debug|x64.ActiveCfg = Debug|x64
		{85972372-AB25-40D3-B8B5-76C0E03FE425}.Debug|x64.Build.0 = Debug|x64
		{85972372-AB25-40D3-B8B5-76C0E03FE425}.Debug|x86.ActiveCfg = Debug|Win32
		{85972372-AB25-40D3-B8B5-76C0E03FE425}.Debug|x86.Build.0 = Debug|Win32
		{85972372-AB25-40D3-B8B5-76C0E03FE425}.Release|x64.ActiveCfg = Release|x64
		{85972372-AB25-40D3-B8B5-76C0E03FE425}.Release|x64.Build.0 = Release|x64
		{85972372-AB25-40D3-B8B5-76C0E03FE425}.Release|x86.ActiveCfg = Release|Win32
		{85972372-AB25-40D3-B8B5-76C0E03FE425}.Release|x86.Build.0 = Release|Win32
		{15AF518D-BF2E-4ABD-B653-01AE4ED9FCA5}.Debug|x64.ActiveCfg = Debug|x64
		{15AF518D-BF2E-4ABD-B653-01AE4ED9FCA5}.Debug|x64.Build.0 = Debug|x64
		{15AF518D-BF2E-4ABD-B653-01AE4ED9FCA5}.Debug|x86.ActiveCfg = Debug|x64
		{15AF518D-BF2E-4ABD-B653-01AE4ED9FCA5}.Debug|x86.Build.0 = Debug|x64
		{15AF518D-BF2E-4ABD-B653-01AE4ED9FCA5}.Release|x64.ActiveCfg = Release|x64
		{15AF518D-BF2E-4ABD-B653-01AE4ED9FCA5}.Release|x64.Build.0 = Release|x64
		{15AF518D-BF2E-4ABD-B653-01AE4ED9FCA5}.Release|x86.ActiveCfg = Release|x64
		{15AF518D-BF2E-4ABD-B653-01AE4ED9FCA5}.Release|x86.Build.0 = Release|x64
	EndGlobalSection
	GlobalSection(SolutionProperties) = preSolution
		HideSolutionNode = FALSE
	EndGlobalSection
	GlobalSection(ExtensibilityGlobals) = postSolution
		SolutionGuid = {62FA815A-7D40-406E-B108-02BCC2E5938C}
	EndGlobalSection
EndGlobal
